
Microsoft Visual Studio Solution File, Format Version 12.00
# Visual Studio Version 17
VisualStudioVersion = 17.9.34902.65
MinimumVisualStudioVersion = 10.0.40219.1
Project("{8BC9CEB8-8B4A-11D0-8D11-00A0C91BC942}") = "Atestat", "Atestat\Atestat.vcxproj", "{DD9BEFED-C009-4681-B2AB-F70B29CA332F}"
EndProject
Global
	GlobalSection(SolutionConfigurationPlatforms) = preSolution
		Debug|x64 = Debug|x64
		Debug|x86 = Debug|x86
		Release|x64 = Release|x64
		Release|x86 = Release|x86
	EndGlobalSection
	GlobalSection(ProjectConfigurationPlatforms) = postSolution
		{DD9BEFED-C009-4681-B2AB-F70B29CA332F}.Debug|x64.ActiveCfg = Debug|x64
		{DD9BEFED-C009-4681-B2AB-F70B29CA332F}.Debug|x64.Build.0 = Debug|x64
		{DD9BEFED-C009-4681-B2AB-F70B29CA332F}.Debug|x86.ActiveCfg = Debug|Win32
		{DD9BEFED-C009-4681-B2AB-F70B29CA332F}.Debug|x86.Build.0 = Debug|Win32
		{DD9BEFED-C009-4681-B2AB-F70B29CA332F}.Release|x64.ActiveCfg = Release|x64
		{DD9BEFED-C009-4681-B2AB-F70B29CA332F}.Release|x64.Build.0 = Release|x64
		{DD9BEFED-C009-4681-B2AB-F70B29CA332F}.Release|x86.ActiveCfg = Release|Win32
		{DD9BEFED-C009-4681-B2AB-F70B29CA332F}.Release|x86.Build.0 = Release|Win32
	EndGlobalSection
	GlobalSection(SolutionProperties) = preSolution
		HideSolutionNode = FALSE
	EndGlobalSection
	GlobalSection(ExtensibilityGlobals) = postSolution
		SolutionGuid = {580C79DD-F3C0-4F5E-B597-6D65C75A18CB}
	EndGlobalSection
EndGlobal
